
Microsoft Visual Studio Solution File, Format Version 12.00
# Visual Studio 2017
Project("{FAE04EC0-301F-11D3-BF4B-00C04F79EFBC}") = "2dBase.Plugins", "2dBase.Plugins.csproj", "{FC9C55CA-7A43-FE68-791F-ABA85D6CD14B}"
EndProject
Project("{FAE04EC0-301F-11D3-BF4B-00C04F79EFBC}") = "2dBase", "2dBase.csproj", "{B67D444F-3C45-1C48-AB26-D11FD8249054}"
EndProject
Project("{FAE04EC0-301F-11D3-BF4B-00C04F79EFBC}") = "2dBase.Editor", "2dBase.Editor.csproj", "{217CA0EA-1AD8-142E-17BE-6CF28E96C834}"
EndProject
Global
	GlobalSection(SolutionConfigurationPlatforms) = preSolution
		Debug|Any CPU = Debug|Any CPU
		Release|Any CPU = Release|Any CPU
	EndGlobalSection
	GlobalSection(ProjectConfigurationPlatforms) = postSolution
		{FC9C55CA-7A43-FE68-791F-ABA85D6CD14B}.Debug|Any CPU.ActiveCfg = Debug|Any CPU
		{FC9C55CA-7A43-FE68-791F-ABA85D6CD14B}.Debug|Any CPU.Build.0 = Debug|Any CPU
		{FC9C55CA-7A43-FE68-791F-ABA85D6CD14B}.Release|Any CPU.ActiveCfg = Release|Any CPU
		{FC9C55CA-7A43-FE68-791F-ABA85D6CD14B}.Release|Any CPU.Build.0 = Release|Any CPU
		{B67D444F-3C45-1C48-AB26-D11FD8249054}.Debug|Any CPU.ActiveCfg = Debug|Any CPU
		{B67D444F-3C45-1C48-AB26-D11FD8249054}.Debug|Any CPU.Build.0 = Debug|Any CPU
		{B67D444F-3C45-1C48-AB26-D11FD8249054}.Release|Any CPU.ActiveCfg = Release|Any CPU
		{B67D444F-3C45-1C48-AB26-D11FD8249054}.Release|Any CPU.Build.0 = Release|Any CPU
		{217CA0EA-1AD8-142E-17BE-6CF28E96C834}.Debug|Any CPU.ActiveCfg = Debug|Any CPU
		{217CA0EA-1AD8-142E-17BE-6CF28E96C834}.Debug|Any CPU.Build.0 = Debug|Any CPU
		{217CA0EA-1AD8-142E-17BE-6CF28E96C834}.Release|Any CPU.ActiveCfg = Release|Any CPU
		{217CA0EA-1AD8-142E-17BE-6CF28E96C834}.Release|Any CPU.Build.0 = Release|Any CPU
	EndGlobalSection
	GlobalSection(SolutionProperties) = preSolution
		HideSolutionNode = FALSE
	EndGlobalSection
EndGlobal
